
Microsoft Visual Studio Solution File, Format Version 12.00
# Visual Studio Version 17
VisualStudioVersion = 17.9.34728.123
MinimumVisualStudioVersion = 10.0.40219.1
Project("{8BC9CEB8-8B4A-11D0-8D11-00A0C91BC942}") = "Task 8.2.3", "Task 8.2.3.vcxproj", "{7BABB924-1DB6-45E0-B758-89606647340F}"
EndProject
Global
	GlobalSection(SolutionConfigurationPlatforms) = preSolution
		Debug|x64 = Debug|x64
		Debug|x86 = Debug|x86
		Release|x64 = Release|x64
		Release|x86 = Release|x86
	EndGlobalSection
	GlobalSection(ProjectConfigurationPlatforms) = postSolution
		{7BABB924-1DB6-45E0-B758-89606647340F}.Debug|x64.ActiveCfg = Debug|x64
		{7BABB924-1DB6-45E0-B758-89606647340F}.Debug|x64.Build.0 = Debug|x64
		{7BABB924-1DB6-45E0-B758-89606647340F}.Debug|x86.ActiveCfg = Debug|Win32
		{7BABB924-1DB6-45E0-B758-89606647340F}.Debug|x86.Build.0 = Debug|Win32
		{7BABB924-1DB6-45E0-B758-89606647340F}.Release|x64.ActiveCfg = Release|x64
		{7BABB924-1DB6-45E0-B758-89606647340F}.Release|x64.Build.0 = Release|x64
		{7BABB924-1DB6-45E0-B758-89606647340F}.Release|x86.ActiveCfg = Release|Win32
		{7BABB924-1DB6-45E0-B758-89606647340F}.Release|x86.Build.0 = Release|Win32
	EndGlobalSection
	GlobalSection(SolutionProperties) = preSolution
		HideSolutionNode = FALSE
	EndGlobalSection
	GlobalSection(ExtensibilityGlobals) = postSolution
		SolutionGuid = {B5EC257D-3345-480B-B8D6-A3FB8C9910C5}
	EndGlobalSection
EndGlobal
